{
  "name": "oracle-drcp-demo",
  "version": "1.0.0",
  "lockfileVersion": 2,
  "requires": true,
  "packages": {
    "": {
      "name": "oracle-drcp-demo",
      "version": "1.0.0",
      "dependencies": {
        "oracledb": "^6.9.0"
      }
    },
    "node_modules/oracledb": {
      "version": "6.10.0",
      "resolved": "https://registry.npmjs.org/oracledb/-/oracledb-6.10.0.tgz",
      "integrity": "sha512-kGUumXmrEWbSpBuKJyb9Ip3rXcNgKK6grunI3/cLPzrRvboZ6ZoLi9JQ+z6M/RIG924tY8BLflihL4CKKQAYMA==",
      "hasInstallScript": true,
      "engines": {
        "node": ">=14.17"
      }
    }
  },
  "dependencies": {
    "oracledb": {
      "version": "6.10.0",
      "resolved": "https://registry.npmjs.org/oracledb/-/oracledb-6.10.0.tgz",
      "integrity": "sha512-kGUumXmrEWbSpBuKJyb9Ip3rXcNgKK6grunI3/cLPzrRvboZ6ZoLi9JQ+z6M/RIG924tY8BLflihL4CKKQAYMA=="
    }
  }
}
